{
  "name": "@grafana/plugin-validator",
  "version": "0.17.4",
  "lockfileVersion": 2,
  "requires": true,
  "packages": {
    "": {
      "name": "@grafana/plugin-validator",
      "version": "0.17.4",
      "hasInstallScript": true,
      "license": "Apache-2.0",
      "bin": {
        "name": "plugincheck2",
        "urlTemplate": "https:/github.com/grafana/plugin-validator/releases/download/v{{version}}/plugin-validator_{{version}}_{{platform}}_{{arch}}.tar.gz"
      }
    }
  }
}
