# THIS IS AN AUTOGENERATED FILE. DO NOT EDIT THIS FILE DIRECTLY.
# yarn lockfile v1
log4js@1.1.1:
  version "1.1.1"
  resolved "https://registry.yarnpkg.com/log4js/-/log4js-1.1.1.tgz#c21d29c7604089e4f255833e7f94b3461de1ff43"
  integrity sha512-lYb14ZSs1M/CUFuvy7Zk3VZLDtqrqOaVql9CE0tv8g6/qE1Gfq97XKdltBsjSxxvcJ+t8fAXOnvFxSsms7gGVg==
  dependencies:
    debug "^2.2.0"
    semver "^5.3.0"
    streamroller "^0.4.0"

